
Microsoft Visual Studio Solution File, Format Version 12.00
# Visual Studio Version 16
VisualStudioVersion = 16.0.29111.141
MinimumVisualStudioVersion = 10.0.40219.1
Project("{F184B08F-C81C-45F6-A57F-5ABD9991F28F}") = "WebApplication", "WebApplication\WebApplication.vbproj", "{82CBDB52-69F2-4FC1-8441-D07F87D41EFA}"
EndProject
Global
	GlobalSection(SolutionConfigurationPlatforms) = preSolution
		Debug|Any CPU = Debug|Any CPU
		Release|Any CPU = Release|Any CPU
	EndGlobalSection
	GlobalSection(ProjectConfigurationPlatforms) = postSolution
		{82CBDB52-69F2-4FC1-8441-D07F87D41EFA}.Debug|Any CPU.ActiveCfg = Debug|Any CPU
		{82CBDB52-69F2-4FC1-8441-D07F87D41EFA}.Debug|Any CPU.Build.0 = Debug|Any CPU
		{82CBDB52-69F2-4FC1-8441-D07F87D41EFA}.Release|Any CPU.ActiveCfg = Release|Any CPU
		{82CBDB52-69F2-4FC1-8441-D07F87D41EFA}.Release|Any CPU.Build.0 = Release|Any CPU
	EndGlobalSection
	GlobalSection(SolutionProperties) = preSolution
		HideSolutionNode = FALSE
	EndGlobalSection
	GlobalSection(ExtensibilityGlobals) = postSolution
		SolutionGuid = {8377212A-C1DE-491B-90A9-A67929F3DD9C}
	EndGlobalSection
EndGlobal
